# This file is automatically @generated by Poetry 1.4.1 and should not be changed by hand.

[[package]]
name = "markdown"
version = "3.4.3"
description = "Python implementation of John Gruber's Markdown."
category = "main"
optional = false
python-versions = ">=3.7"
files = [
    {file = "Markdown-3.4.3-py3-none-any.whl", hash = "sha256:065fd4df22da73a625f14890dd77eb8040edcbd68794bcd35943be14490608b2"},
    {file = "Markdown-3.4.3.tar.gz", hash = "sha256:8bf101198e004dc93e84a12a7395e31aac6a9c9942848ae1d99b9d72cf9b3520"},
]

[package.extras]
testing = ["coverage", "pyyaml"]

[metadata]
lock-version = "2.0"
python-versions = "^3.11"
content-hash = "6355ff38f3110fa5447806635e65d1efffd81bbb2824156dc4fe4889100a1aaa"
